// !$*UTF8*$!
{
	archiveVersion = 1;
	classes = {
	};
	objectVersion = 63;
	objects = {

/* Begin PBXBuildFile section */
		A42066332C37031D002F7FA3 /* jmaths_def.hh in Headers */ = {isa = PBXBuildFile; fileRef = A420661A2C37031D002F7FA3 /* jmaths_def.hh */; settings = {ATTRIBUTES = (Private, ); }; };
		A42066342C37031D002F7FA3 /* jmaths_undef.hh in Headers */ = {isa = PBXBuildFile; fileRef = A420661B2C37031D002F7FA3 /* jmaths_undef.hh */; settings = {ATTRIBUTES = (Private, ); }; };
		A42066352C37031D002F7FA3 /* jmaths_utils.hpp in Headers */ = {isa = PBXBuildFile; fileRef = A420661C2C37031D002F7FA3 /* jmaths_utils.hpp */; settings = {ATTRIBUTES = (Private, ); }; };
		A42066362C37031D002F7FA3 /* jmaths.hpp in Headers */ = {isa = PBXBuildFile; fileRef = A420661D2C37031D002F7FA3 /* jmaths.hpp */; settings = {ATTRIBUTES = (Public, ); }; };
		A42066372C37031D002F7FA3 /* jmaths_calc.cpp in Sources */ = {isa = PBXBuildFile; fileRef = A420661F2C37031D002F7FA3 /* jmaths_calc.cpp */; };
		A42066382C37031D002F7FA3 /* jmaths_error.cpp in Sources */ = {isa = PBXBuildFile; fileRef = A42066202C37031D002F7FA3 /* jmaths_error.cpp */; };
		A42066392C37031D002F7FA3 /* jmaths_hash.cpp in Sources */ = {isa = PBXBuildFile; fileRef = A42066212C37031D002F7FA3 /* jmaths_hash.cpp */; };
		A420663A2C37031D002F7FA3 /* jmaths_literals.cpp in Sources */ = {isa = PBXBuildFile; fileRef = A42066222C37031D002F7FA3 /* jmaths_literals.cpp */; };
		A420663C2C37031D002F7FA3 /* jmaths_N.cpp in Sources */ = {isa = PBXBuildFile; fileRef = A42066242C37031D002F7FA3 /* jmaths_N.cpp */; };
		A420663D2C37031D002F7FA3 /* jmaths_Q.cpp in Sources */ = {isa = PBXBuildFile; fileRef = A42066252C37031D002F7FA3 /* jmaths_Q.cpp */; };
		A420663E2C37031D002F7FA3 /* jmaths_rand.cpp in Sources */ = {isa = PBXBuildFile; fileRef = A42066262C37031D002F7FA3 /* jmaths_rand.cpp */; };
		A420663F2C37031D002F7FA3 /* jmaths_Z.cpp in Sources */ = {isa = PBXBuildFile; fileRef = A42066282C37031D002F7FA3 /* jmaths_Z.cpp */; };
		A420666A2C370E86002F7FA3 /* jmaths_literals.hpp in Headers */ = {isa = PBXBuildFile; fileRef = A42066612C370E86002F7FA3 /* jmaths_literals.hpp */; settings = {ATTRIBUTES = (Private, ); }; };
		A420666B2C370E86002F7FA3 /* jmaths_error.hpp in Headers */ = {isa = PBXBuildFile; fileRef = A42066622C370E86002F7FA3 /* jmaths_error.hpp */; settings = {ATTRIBUTES = (Private, ); }; };
		A420666C2C370E86002F7FA3 /* jmaths_calc.hpp in Headers */ = {isa = PBXBuildFile; fileRef = A42066632C370E86002F7FA3 /* jmaths_calc.hpp */; settings = {ATTRIBUTES = (Private, ); }; };
		A420666D2C370E86002F7FA3 /* jmaths_Q.hpp in Headers */ = {isa = PBXBuildFile; fileRef = A42066642C370E86002F7FA3 /* jmaths_Q.hpp */; settings = {ATTRIBUTES = (Private, ); }; };
		A420666E2C370E86002F7FA3 /* jmaths_Z.hpp in Headers */ = {isa = PBXBuildFile; fileRef = A42066652C370E86002F7FA3 /* jmaths_Z.hpp */; settings = {ATTRIBUTES = (Private, ); }; };
		A420666F2C370E86002F7FA3 /* jmaths_N.hpp in Headers */ = {isa = PBXBuildFile; fileRef = A42066662C370E86002F7FA3 /* jmaths_N.hpp */; settings = {ATTRIBUTES = (Private, ); }; };
		A42066702C370E86002F7FA3 /* jmaths_hash.hpp in Headers */ = {isa = PBXBuildFile; fileRef = A42066672C370E86002F7FA3 /* jmaths_hash.hpp */; settings = {ATTRIBUTES = (Private, ); }; };
		A42066742C370EB7002F7FA3 /* jmaths_declarations.hpp in Headers */ = {isa = PBXBuildFile; fileRef = A42066732C370EB7002F7FA3 /* jmaths_declarations.hpp */; settings = {ATTRIBUTES = (Private, ); }; };
		A42066762C3710CE002F7FA3 /* jmaths_sign_type.cpp in Sources */ = {isa = PBXBuildFile; fileRef = A42066752C3710CE002F7FA3 /* jmaths_sign_type.cpp */; };
		A42066792C3710EB002F7FA3 /* jmaths_sign_type.hpp in Headers */ = {isa = PBXBuildFile; fileRef = A42066772C3710EB002F7FA3 /* jmaths_sign_type.hpp */; settings = {ATTRIBUTES = (Private, ); }; };
		A420667A2C3710EB002F7FA3 /* jmaths_detail.hpp in Headers */ = {isa = PBXBuildFile; fileRef = A42066782C3710EB002F7FA3 /* jmaths_detail.hpp */; settings = {ATTRIBUTES = (Private, ); }; };
		A420667E2C372C31002F7FA3 /* jmaths_constants_and_types.hpp in Headers */ = {isa = PBXBuildFile; fileRef = A420667D2C372C31002F7FA3 /* jmaths_constants_and_types.hpp */; settings = {ATTRIBUTES = (Private, ); }; };
		A42066842C3733ED002F7FA3 /* jmaths_detail_Z.cpp in Sources */ = {isa = PBXBuildFile; fileRef = A42066812C3733ED002F7FA3 /* jmaths_detail_Z.cpp */; };
		A42066852C3733ED002F7FA3 /* jmaths_detail_N.cpp in Sources */ = {isa = PBXBuildFile; fileRef = A42066822C3733ED002F7FA3 /* jmaths_detail_N.cpp */; };
		A42066862C3733ED002F7FA3 /* jmaths_detail_Q.cpp in Sources */ = {isa = PBXBuildFile; fileRef = A42066832C3733ED002F7FA3 /* jmaths_detail_Q.cpp */; };
		A420668B2C373B3C002F7FA3 /* jmaths_tmpl_Q.hpp in Headers */ = {isa = PBXBuildFile; fileRef = A42066872C373B3C002F7FA3 /* jmaths_tmpl_Q.hpp */; settings = {ATTRIBUTES = (Private, ); }; };
		A420668C2C373B3C002F7FA3 /* jmaths_tmpl_Z.hpp in Headers */ = {isa = PBXBuildFile; fileRef = A42066882C373B3C002F7FA3 /* jmaths_tmpl_Z.hpp */; settings = {ATTRIBUTES = (Private, ); }; };
		A420668D2C373B3C002F7FA3 /* jmaths_tmpl_N.hpp in Headers */ = {isa = PBXBuildFile; fileRef = A42066892C373B3C002F7FA3 /* jmaths_tmpl_N.hpp */; settings = {ATTRIBUTES = (Private, ); }; };
		A420668E2C373B3C002F7FA3 /* jmaths_tmpl_sign_type.hpp in Headers */ = {isa = PBXBuildFile; fileRef = A420668A2C373B3C002F7FA3 /* jmaths_tmpl_sign_type.hpp */; settings = {ATTRIBUTES = (Private, ); }; };
/* End PBXBuildFile section */

/* Begin PBXFileReference section */
		A420660A2C3702EF002F7FA3 /* libjmaths.a */ = {isa = PBXFileReference; explicitFileType = archive.ar; includeInIndex = 0; path = libjmaths.a; sourceTree = BUILT_PRODUCTS_DIR; };
		A42066112C37031D002F7FA3 /* makefile */ = {isa = PBXFileReference; fileEncoding = 4; lastKnownFileType = sourcecode.make; path = makefile; sourceTree = "<group>"; };
		A42066122C37031D002F7FA3 /* README.md */ = {isa = PBXFileReference; fileEncoding = 4; lastKnownFileType = net.daringfireball.markdown; path = README.md; sourceTree = "<group>"; };
		A42066132C37031D002F7FA3 /* .gitignore */ = {isa = PBXFileReference; fileEncoding = 4; lastKnownFileType = text; path = .gitignore; sourceTree = "<group>"; };
		A42066142C37031D002F7FA3 /* fig_terminal_comparison_example.cpp */ = {isa = PBXFileReference; fileEncoding = 4; lastKnownFileType = sourcecode.cpp.cpp; path = fig_terminal_comparison_example.cpp; sourceTree = "<group>"; };
		A42066152C37031D002F7FA3 /* fig_terminal_q_fits_into_example.cpp */ = {isa = PBXFileReference; fileEncoding = 4; lastKnownFileType = sourcecode.cpp.cpp; path = fig_terminal_q_fits_into_example.cpp; sourceTree = "<group>"; };
		A420661A2C37031D002F7FA3 /* jmaths_def.hh */ = {isa = PBXFileReference; fileEncoding = 4; lastKnownFileType = sourcecode.cpp.h; path = jmaths_def.hh; sourceTree = "<group>"; };
		A420661B2C37031D002F7FA3 /* jmaths_undef.hh */ = {isa = PBXFileReference; fileEncoding = 4; lastKnownFileType = sourcecode.cpp.h; path = jmaths_undef.hh; sourceTree = "<group>"; };
		A420661C2C37031D002F7FA3 /* jmaths_utils.hpp */ = {isa = PBXFileReference; fileEncoding = 4; lastKnownFileType = sourcecode.cpp.h; path = jmaths_utils.hpp; sourceTree = "<group>"; };
		A420661D2C37031D002F7FA3 /* jmaths.hpp */ = {isa = PBXFileReference; fileEncoding = 4; lastKnownFileType = sourcecode.cpp.h; path = jmaths.hpp; sourceTree = "<group>"; };
		A420661F2C37031D002F7FA3 /* jmaths_calc.cpp */ = {isa = PBXFileReference; fileEncoding = 4; lastKnownFileType = sourcecode.cpp.cpp; path = jmaths_calc.cpp; sourceTree = "<group>"; };
		A42066202C37031D002F7FA3 /* jmaths_error.cpp */ = {isa = PBXFileReference; fileEncoding = 4; lastKnownFileType = sourcecode.cpp.cpp; path = jmaths_error.cpp; sourceTree = "<group>"; };
		A42066212C37031D002F7FA3 /* jmaths_hash.cpp */ = {isa = PBXFileReference; fileEncoding = 4; lastKnownFileType = sourcecode.cpp.cpp; path = jmaths_hash.cpp; sourceTree = "<group>"; };
		A42066222C37031D002F7FA3 /* jmaths_literals.cpp */ = {isa = PBXFileReference; fileEncoding = 4; lastKnownFileType = sourcecode.cpp.cpp; path = jmaths_literals.cpp; sourceTree = "<group>"; };
		A42066242C37031D002F7FA3 /* jmaths_N.cpp */ = {isa = PBXFileReference; fileEncoding = 4; lastKnownFileType = sourcecode.cpp.cpp; path = jmaths_N.cpp; sourceTree = "<group>"; };
		A42066252C37031D002F7FA3 /* jmaths_Q.cpp */ = {isa = PBXFileReference; fileEncoding = 4; lastKnownFileType = sourcecode.cpp.cpp; path = jmaths_Q.cpp; sourceTree = "<group>"; };
		A42066262C37031D002F7FA3 /* jmaths_rand.cpp */ = {isa = PBXFileReference; fileEncoding = 4; lastKnownFileType = sourcecode.cpp.cpp; path = jmaths_rand.cpp; sourceTree = "<group>"; };
		A42066282C37031D002F7FA3 /* jmaths_Z.cpp */ = {isa = PBXFileReference; fileEncoding = 4; lastKnownFileType = sourcecode.cpp.cpp; path = jmaths_Z.cpp; sourceTree = "<group>"; };
		A420662A2C37031D002F7FA3 /* handle_error_log.cpp */ = {isa = PBXFileReference; fileEncoding = 4; lastKnownFileType = sourcecode.cpp.cpp; path = handle_error_log.cpp; sourceTree = "<group>"; };
		A420662B2C37031D002F7FA3 /* run */ = {isa = PBXFileReference; fileEncoding = 4; lastKnownFileType = text.script.sh; path = run; sourceTree = "<group>"; };
		A420662C2C37031D002F7FA3 /* unit_test.cpp */ = {isa = PBXFileReference; fileEncoding = 4; lastKnownFileType = sourcecode.cpp.cpp; path = unit_test.cpp; sourceTree = "<group>"; };
		A42066612C370E86002F7FA3 /* jmaths_literals.hpp */ = {isa = PBXFileReference; fileEncoding = 4; lastKnownFileType = sourcecode.cpp.h; path = jmaths_literals.hpp; sourceTree = "<group>"; };
		A42066622C370E86002F7FA3 /* jmaths_error.hpp */ = {isa = PBXFileReference; fileEncoding = 4; lastKnownFileType = sourcecode.cpp.h; path = jmaths_error.hpp; sourceTree = "<group>"; };
		A42066632C370E86002F7FA3 /* jmaths_calc.hpp */ = {isa = PBXFileReference; fileEncoding = 4; lastKnownFileType = sourcecode.cpp.h; path = jmaths_calc.hpp; sourceTree = "<group>"; };
		A42066642C370E86002F7FA3 /* jmaths_Q.hpp */ = {isa = PBXFileReference; fileEncoding = 4; lastKnownFileType = sourcecode.cpp.h; path = jmaths_Q.hpp; sourceTree = "<group>"; };
		A42066652C370E86002F7FA3 /* jmaths_Z.hpp */ = {isa = PBXFileReference; fileEncoding = 4; lastKnownFileType = sourcecode.cpp.h; path = jmaths_Z.hpp; sourceTree = "<group>"; };
		A42066662C370E86002F7FA3 /* jmaths_N.hpp */ = {isa = PBXFileReference; fileEncoding = 4; lastKnownFileType = sourcecode.cpp.h; path = jmaths_N.hpp; sourceTree = "<group>"; };
		A42066672C370E86002F7FA3 /* jmaths_hash.hpp */ = {isa = PBXFileReference; fileEncoding = 4; lastKnownFileType = sourcecode.cpp.h; path = jmaths_hash.hpp; sourceTree = "<group>"; };
		A42066732C370EB7002F7FA3 /* jmaths_declarations.hpp */ = {isa = PBXFileReference; fileEncoding = 4; lastKnownFileType = sourcecode.cpp.h; path = jmaths_declarations.hpp; sourceTree = "<group>"; };
		A42066752C3710CE002F7FA3 /* jmaths_sign_type.cpp */ = {isa = PBXFileReference; fileEncoding = 4; lastKnownFileType = sourcecode.cpp.cpp; name = jmaths_sign_type.cpp; path = src/jmaths_sign_type.cpp; sourceTree = SOURCE_ROOT; };
		A42066772C3710EB002F7FA3 /* jmaths_sign_type.hpp */ = {isa = PBXFileReference; fileEncoding = 4; lastKnownFileType = sourcecode.cpp.h; path = jmaths_sign_type.hpp; sourceTree = "<group>"; };
		A42066782C3710EB002F7FA3 /* jmaths_detail.hpp */ = {isa = PBXFileReference; fileEncoding = 4; lastKnownFileType = sourcecode.cpp.h; path = jmaths_detail.hpp; sourceTree = "<group>"; };
		A420667D2C372C31002F7FA3 /* jmaths_constants_and_types.hpp */ = {isa = PBXFileReference; fileEncoding = 4; lastKnownFileType = sourcecode.cpp.h; path = jmaths_constants_and_types.hpp; sourceTree = "<group>"; };
		A42066812C3733ED002F7FA3 /* jmaths_detail_Z.cpp */ = {isa = PBXFileReference; fileEncoding = 4; lastKnownFileType = sourcecode.cpp.cpp; path = jmaths_detail_Z.cpp; sourceTree = "<group>"; };
		A42066822C3733ED002F7FA3 /* jmaths_detail_N.cpp */ = {isa = PBXFileReference; fileEncoding = 4; lastKnownFileType = sourcecode.cpp.cpp; path = jmaths_detail_N.cpp; sourceTree = "<group>"; };
		A42066832C3733ED002F7FA3 /* jmaths_detail_Q.cpp */ = {isa = PBXFileReference; fileEncoding = 4; lastKnownFileType = sourcecode.cpp.cpp; path = jmaths_detail_Q.cpp; sourceTree = "<group>"; };
		A42066872C373B3C002F7FA3 /* jmaths_tmpl_Q.hpp */ = {isa = PBXFileReference; fileEncoding = 4; lastKnownFileType = sourcecode.cpp.h; path = jmaths_tmpl_Q.hpp; sourceTree = "<group>"; };
		A42066882C373B3C002F7FA3 /* jmaths_tmpl_Z.hpp */ = {isa = PBXFileReference; fileEncoding = 4; lastKnownFileType = sourcecode.cpp.h; path = jmaths_tmpl_Z.hpp; sourceTree = "<group>"; };
		A42066892C373B3C002F7FA3 /* jmaths_tmpl_N.hpp */ = {isa = PBXFileReference; fileEncoding = 4; lastKnownFileType = sourcecode.cpp.h; path = jmaths_tmpl_N.hpp; sourceTree = "<group>"; };
		A420668A2C373B3C002F7FA3 /* jmaths_tmpl_sign_type.hpp */ = {isa = PBXFileReference; fileEncoding = 4; lastKnownFileType = sourcecode.cpp.h; path = jmaths_tmpl_sign_type.hpp; sourceTree = "<group>"; };
/* End PBXFileReference section */

/* Begin PBXGroup section */
		A42066012C3702EF002F7FA3 = {
			isa = PBXGroup;
			children = (
				A42066132C37031D002F7FA3 /* .gitignore */,
				A42066112C37031D002F7FA3 /* makefile */,
				A42066122C37031D002F7FA3 /* README.md */,
				A42066162C37031D002F7FA3 /* samples */,
				A42066292C37031D002F7FA3 /* src */,
				A420662D2C37031D002F7FA3 /* test */,
				A420660B2C3702EF002F7FA3 /* Products */,
			);
			sourceTree = "<group>";
		};
		A420660B2C3702EF002F7FA3 /* Products */ = {
			isa = PBXGroup;
			children = (
				A420660A2C3702EF002F7FA3 /* libjmaths.a */,
			);
			name = Products;
			sourceTree = "<group>";
		};
		A42066162C37031D002F7FA3 /* samples */ = {
			isa = PBXGroup;
			children = (
				A42066142C37031D002F7FA3 /* fig_terminal_comparison_example.cpp */,
				A42066152C37031D002F7FA3 /* fig_terminal_q_fits_into_example.cpp */,
			);
			path = samples;
			sourceTree = "<group>";
		};
		A420661E2C37031D002F7FA3 /* headers */ = {
			isa = PBXGroup;
			children = (
				A42066732C370EB7002F7FA3 /* jmaths_declarations.hpp */,
				A42066632C370E86002F7FA3 /* jmaths_calc.hpp */,
				A42066622C370E86002F7FA3 /* jmaths_error.hpp */,
				A42066672C370E86002F7FA3 /* jmaths_hash.hpp */,
				A42066612C370E86002F7FA3 /* jmaths_literals.hpp */,
				A42066892C373B3C002F7FA3 /* jmaths_tmpl_N.hpp */,
				A42066872C373B3C002F7FA3 /* jmaths_tmpl_Q.hpp */,
				A420668A2C373B3C002F7FA3 /* jmaths_tmpl_sign_type.hpp */,
				A42066882C373B3C002F7FA3 /* jmaths_tmpl_Z.hpp */,
				A420667D2C372C31002F7FA3 /* jmaths_constants_and_types.hpp */,
				A42066662C370E86002F7FA3 /* jmaths_N.hpp */,
				A42066782C3710EB002F7FA3 /* jmaths_detail.hpp */,
				A42066772C3710EB002F7FA3 /* jmaths_sign_type.hpp */,
				A42066642C370E86002F7FA3 /* jmaths_Q.hpp */,
				A42066652C370E86002F7FA3 /* jmaths_Z.hpp */,
				A420661A2C37031D002F7FA3 /* jmaths_def.hh */,
				A420661B2C37031D002F7FA3 /* jmaths_undef.hh */,
				A420661C2C37031D002F7FA3 /* jmaths_utils.hpp */,
				A420661D2C37031D002F7FA3 /* jmaths.hpp */,
			);
			path = headers;
			sourceTree = "<group>";
		};
		A42066292C37031D002F7FA3 /* src */ = {
			isa = PBXGroup;
			children = (
				A420661E2C37031D002F7FA3 /* headers */,
				A420661F2C37031D002F7FA3 /* jmaths_calc.cpp */,
				A42066202C37031D002F7FA3 /* jmaths_error.cpp */,
				A42066752C3710CE002F7FA3 /* jmaths_sign_type.cpp */,
				A42066822C3733ED002F7FA3 /* jmaths_detail_N.cpp */,
				A42066832C3733ED002F7FA3 /* jmaths_detail_Q.cpp */,
				A42066812C3733ED002F7FA3 /* jmaths_detail_Z.cpp */,
				A42066212C37031D002F7FA3 /* jmaths_hash.cpp */,
				A42066222C37031D002F7FA3 /* jmaths_literals.cpp */,
				A42066242C37031D002F7FA3 /* jmaths_N.cpp */,
				A42066252C37031D002F7FA3 /* jmaths_Q.cpp */,
				A42066262C37031D002F7FA3 /* jmaths_rand.cpp */,
				A42066282C37031D002F7FA3 /* jmaths_Z.cpp */,
			);
			path = src;
			sourceTree = "<group>";
		};
		A420662D2C37031D002F7FA3 /* test */ = {
			isa = PBXGroup;
			children = (
				A420662A2C37031D002F7FA3 /* handle_error_log.cpp */,
				A420662B2C37031D002F7FA3 /* run */,
				A420662C2C37031D002F7FA3 /* unit_test.cpp */,
			);
			path = test;
			sourceTree = "<group>";
		};
/* End PBXGroup section */

/* Begin PBXHeadersBuildPhase section */
		A42066062C3702EF002F7FA3 /* Headers */ = {
			isa = PBXHeadersBuildPhase;
			buildActionMask = 2147483647;
			files = (
				A42066362C37031D002F7FA3 /* jmaths.hpp in Headers */,
				A42066332C37031D002F7FA3 /* jmaths_def.hh in Headers */,
				A420668C2C373B3C002F7FA3 /* jmaths_tmpl_Z.hpp in Headers */,
				A420667A2C3710EB002F7FA3 /* jmaths_detail.hpp in Headers */,
				A42066792C3710EB002F7FA3 /* jmaths_sign_type.hpp in Headers */,
				A42066342C37031D002F7FA3 /* jmaths_undef.hh in Headers */,
				A42066352C37031D002F7FA3 /* jmaths_utils.hpp in Headers */,
				A420666D2C370E86002F7FA3 /* jmaths_Q.hpp in Headers */,
				A420666E2C370E86002F7FA3 /* jmaths_Z.hpp in Headers */,
				A42066702C370E86002F7FA3 /* jmaths_hash.hpp in Headers */,
				A420668D2C373B3C002F7FA3 /* jmaths_tmpl_N.hpp in Headers */,
				A420666A2C370E86002F7FA3 /* jmaths_literals.hpp in Headers */,
				A420666F2C370E86002F7FA3 /* jmaths_N.hpp in Headers */,
				A42066742C370EB7002F7FA3 /* jmaths_declarations.hpp in Headers */,
				A420666B2C370E86002F7FA3 /* jmaths_error.hpp in Headers */,
				A420667E2C372C31002F7FA3 /* jmaths_constants_and_types.hpp in Headers */,
				A420668B2C373B3C002F7FA3 /* jmaths_tmpl_Q.hpp in Headers */,
				A420666C2C370E86002F7FA3 /* jmaths_calc.hpp in Headers */,
				A420668E2C373B3C002F7FA3 /* jmaths_tmpl_sign_type.hpp in Headers */,
			);
			runOnlyForDeploymentPostprocessing = 0;
		};
/* End PBXHeadersBuildPhase section */

/* Begin PBXNativeTarget section */
		A42066092C3702EF002F7FA3 /* jmaths */ = {
			isa = PBXNativeTarget;
			buildConfigurationList = A420660E2C3702EF002F7FA3 /* Build configuration list for PBXNativeTarget "jmaths" */;
			buildPhases = (
				A42066062C3702EF002F7FA3 /* Headers */,
				A42066072C3702EF002F7FA3 /* Sources */,
			);
			buildRules = (
			);
			dependencies = (
			);
			name = jmaths;
			productName = jmaths;
			productReference = A420660A2C3702EF002F7FA3 /* libjmaths.a */;
			productType = "com.apple.product-type.library.static";
		};
/* End PBXNativeTarget section */

/* Begin PBXProject section */
		A42066022C3702EF002F7FA3 /* Project object */ = {
			isa = PBXProject;
			attributes = {
				BuildIndependentTargetsInParallel = 1;
				LastUpgradeCheck = 1540;
				TargetAttributes = {
					A42066092C3702EF002F7FA3 = {
						CreatedOnToolsVersion = 15.4;
					};
				};
			};
			buildConfigurationList = A42066052C3702EF002F7FA3 /* Build configuration list for PBXProject "jmaths" */;
			compatibilityVersion = "Xcode 15.3";
			developmentRegion = en;
			hasScannedForEncodings = 0;
			knownRegions = (
				en,
				Base,
			);
			mainGroup = A42066012C3702EF002F7FA3;
			productRefGroup = A420660B2C3702EF002F7FA3 /* Products */;
			projectDirPath = "";
			projectRoot = "";
			targets = (
				A42066092C3702EF002F7FA3 /* jmaths */,
			);
		};
/* End PBXProject section */

/* Begin PBXSourcesBuildPhase section */
		A42066072C3702EF002F7FA3 /* Sources */ = {
			isa = PBXSourcesBuildPhase;
			buildActionMask = 2147483647;
			files = (
				A42066852C3733ED002F7FA3 /* jmaths_detail_N.cpp in Sources */,
				A42066392C37031D002F7FA3 /* jmaths_hash.cpp in Sources */,
				A420663E2C37031D002F7FA3 /* jmaths_rand.cpp in Sources */,
				A42066372C37031D002F7FA3 /* jmaths_calc.cpp in Sources */,
				A420663F2C37031D002F7FA3 /* jmaths_Z.cpp in Sources */,
				A42066382C37031D002F7FA3 /* jmaths_error.cpp in Sources */,
				A420663A2C37031D002F7FA3 /* jmaths_literals.cpp in Sources */,
				A42066842C3733ED002F7FA3 /* jmaths_detail_Z.cpp in Sources */,
				A420663D2C37031D002F7FA3 /* jmaths_Q.cpp in Sources */,
				A42066862C3733ED002F7FA3 /* jmaths_detail_Q.cpp in Sources */,
				A420663C2C37031D002F7FA3 /* jmaths_N.cpp in Sources */,
				A42066762C3710CE002F7FA3 /* jmaths_sign_type.cpp in Sources */,
			);
			runOnlyForDeploymentPostprocessing = 0;
		};
/* End PBXSourcesBuildPhase section */

/* Begin XCBuildConfiguration section */
		A420660C2C3702EF002F7FA3 /* Debug */ = {
			isa = XCBuildConfiguration;
			buildSettings = {
				ALWAYS_SEARCH_USER_PATHS = NO;
				ASSETCATALOG_COMPILER_GENERATE_SWIFT_ASSET_SYMBOL_EXTENSIONS = YES;
				CLANG_ANALYZER_NONNULL = YES;
				CLANG_ANALYZER_NUMBER_OBJECT_CONVERSION = YES_AGGRESSIVE;
				CLANG_CXX_LANGUAGE_STANDARD = "c++23";
				CLANG_ENABLE_MODULES = YES;
				CLANG_ENABLE_OBJC_ARC = YES;
				CLANG_ENABLE_OBJC_WEAK = YES;
				CLANG_WARN_ATOMIC_IMPLICIT_SEQ_CST = YES;
				CLANG_WARN_BLOCK_CAPTURE_AUTORELEASING = YES;
				CLANG_WARN_BOOL_CONVERSION = YES;
				CLANG_WARN_COMMA = YES;
				CLANG_WARN_CONSTANT_CONVERSION = YES;
				CLANG_WARN_CXX0X_EXTENSIONS = YES;
				CLANG_WARN_DEPRECATED_OBJC_IMPLEMENTATIONS = YES;
				CLANG_WARN_DIRECT_OBJC_ISA_USAGE = YES_ERROR;
				CLANG_WARN_DOCUMENTATION_COMMENTS = YES;
				CLANG_WARN_EMPTY_BODY = YES;
				CLANG_WARN_ENUM_CONVERSION = YES;
				CLANG_WARN_INFINITE_RECURSION = YES;
				CLANG_WARN_INT_CONVERSION = YES;
				CLANG_WARN_NON_LITERAL_NULL_CONVERSION = YES;
				CLANG_WARN_OBJC_IMPLICIT_RETAIN_SELF = YES;
				CLANG_WARN_OBJC_LITERAL_CONVERSION = YES;
				CLANG_WARN_OBJC_ROOT_CLASS = YES_ERROR;
				CLANG_WARN_QUOTED_INCLUDE_IN_FRAMEWORK_HEADER = YES;
				CLANG_WARN_RANGE_LOOP_ANALYSIS = YES;
				CLANG_WARN_STRICT_PROTOTYPES = YES;
				CLANG_WARN_SUSPICIOUS_MOVE = YES;
				CLANG_WARN_UNGUARDED_AVAILABILITY = YES_AGGRESSIVE;
				CLANG_WARN_UNREACHABLE_CODE = YES;
				CLANG_WARN__DUPLICATE_METHOD_MATCH = YES;
				COPY_PHASE_STRIP = NO;
				DEBUG_INFORMATION_FORMAT = dwarf;
				ENABLE_STRICT_OBJC_MSGSEND = YES;
				ENABLE_TESTABILITY = YES;
				ENABLE_USER_SCRIPT_SANDBOXING = YES;
				GCC_C_LANGUAGE_STANDARD = c17;
				GCC_DYNAMIC_NO_PIC = NO;
				GCC_NO_COMMON_BLOCKS = YES;
				GCC_OPTIMIZATION_LEVEL = 0;
				GCC_PREPROCESSOR_DEFINITIONS = "KARATSUBA=0";
				GCC_WARN_64_TO_32_BIT_CONVERSION = YES;
				GCC_WARN_ABOUT_RETURN_TYPE = YES_ERROR;
				GCC_WARN_PEDANTIC = YES;
				GCC_WARN_UNDECLARED_SELECTOR = YES;
				GCC_WARN_UNINITIALIZED_AUTOS = YES_AGGRESSIVE;
				GCC_WARN_UNUSED_FUNCTION = YES;
				GCC_WARN_UNUSED_VARIABLE = YES;
				LOCALIZATION_PREFERS_STRING_CATALOGS = YES;
				MACOSX_DEPLOYMENT_TARGET = 14.5;
				MTL_ENABLE_DEBUG_INFO = INCLUDE_SOURCE;
				MTL_FAST_MATH = YES;
				ONLY_ACTIVE_ARCH = YES;
				SDKROOT = macosx;
				WARNING_CFLAGS = (
					"-Wall",
					"-Wextra",
					"-Wpedantic",
					"-Werror",
				);
			};
			name = Debug;
		};
		A420660D2C3702EF002F7FA3 /* Release */ = {
			isa = XCBuildConfiguration;
			buildSettings = {
				ALWAYS_SEARCH_USER_PATHS = NO;
				ASSETCATALOG_COMPILER_GENERATE_SWIFT_ASSET_SYMBOL_EXTENSIONS = YES;
				CLANG_ANALYZER_NONNULL = YES;
				CLANG_ANALYZER_NUMBER_OBJECT_CONVERSION = YES_AGGRESSIVE;
				CLANG_CXX_LANGUAGE_STANDARD = "c++23";
				CLANG_ENABLE_MODULES = YES;
				CLANG_ENABLE_OBJC_ARC = YES;
				CLANG_ENABLE_OBJC_WEAK = YES;
				CLANG_WARN_ATOMIC_IMPLICIT_SEQ_CST = YES;
				CLANG_WARN_BLOCK_CAPTURE_AUTORELEASING = YES;
				CLANG_WARN_BOOL_CONVERSION = YES;
				CLANG_WARN_COMMA = YES;
				CLANG_WARN_CONSTANT_CONVERSION = YES;
				CLANG_WARN_CXX0X_EXTENSIONS = YES;
				CLANG_WARN_DEPRECATED_OBJC_IMPLEMENTATIONS = YES;
				CLANG_WARN_DIRECT_OBJC_ISA_USAGE = YES_ERROR;
				CLANG_WARN_DOCUMENTATION_COMMENTS = YES;
				CLANG_WARN_EMPTY_BODY = YES;
				CLANG_WARN_ENUM_CONVERSION = YES;
				CLANG_WARN_INFINITE_RECURSION = YES;
				CLANG_WARN_INT_CONVERSION = YES;
				CLANG_WARN_NON_LITERAL_NULL_CONVERSION = YES;
				CLANG_WARN_OBJC_IMPLICIT_RETAIN_SELF = YES;
				CLANG_WARN_OBJC_LITERAL_CONVERSION = YES;
				CLANG_WARN_OBJC_ROOT_CLASS = YES_ERROR;
				CLANG_WARN_QUOTED_INCLUDE_IN_FRAMEWORK_HEADER = YES;
				CLANG_WARN_RANGE_LOOP_ANALYSIS = YES;
				CLANG_WARN_STRICT_PROTOTYPES = YES;
				CLANG_WARN_SUSPICIOUS_MOVE = YES;
				CLANG_WARN_UNGUARDED_AVAILABILITY = YES_AGGRESSIVE;
				CLANG_WARN_UNREACHABLE_CODE = YES;
				CLANG_WARN__DUPLICATE_METHOD_MATCH = YES;
				COPY_PHASE_STRIP = NO;
				DEBUG_INFORMATION_FORMAT = "dwarf-with-dsym";
				ENABLE_NS_ASSERTIONS = NO;
				ENABLE_STRICT_OBJC_MSGSEND = YES;
				ENABLE_USER_SCRIPT_SANDBOXING = YES;
				GCC_C_LANGUAGE_STANDARD = c17;
				GCC_NO_COMMON_BLOCKS = YES;
				GCC_OPTIMIZATION_LEVEL = 3;
				GCC_PREPROCESSOR_DEFINITIONS = "KARATSUBA=0";
				GCC_WARN_64_TO_32_BIT_CONVERSION = YES;
				GCC_WARN_ABOUT_RETURN_TYPE = YES_ERROR;
				GCC_WARN_PEDANTIC = YES;
				GCC_WARN_UNDECLARED_SELECTOR = YES;
				GCC_WARN_UNINITIALIZED_AUTOS = YES_AGGRESSIVE;
				GCC_WARN_UNUSED_FUNCTION = YES;
				GCC_WARN_UNUSED_VARIABLE = YES;
				LOCALIZATION_PREFERS_STRING_CATALOGS = YES;
				MACOSX_DEPLOYMENT_TARGET = 14.5;
				MTL_ENABLE_DEBUG_INFO = NO;
				MTL_FAST_MATH = YES;
				SDKROOT = macosx;
				WARNING_CFLAGS = (
					"-Wall",
					"-Wextra",
					"-Wpedantic",
					"-Werror",
				);
			};
			name = Release;
		};
		A420660F2C3702EF002F7FA3 /* Debug */ = {
			isa = XCBuildConfiguration;
			buildSettings = {
				CODE_SIGN_STYLE = Automatic;
				EXECUTABLE_PREFIX = lib;
				PRODUCT_NAME = "$(TARGET_NAME)";
				SKIP_INSTALL = YES;
			};
			name = Debug;
		};
		A42066102C3702EF002F7FA3 /* Release */ = {
			isa = XCBuildConfiguration;
			buildSettings = {
				CODE_SIGN_STYLE = Automatic;
				EXECUTABLE_PREFIX = lib;
				PRODUCT_NAME = "$(TARGET_NAME)";
				SKIP_INSTALL = YES;
			};
			name = Release;
		};
/* End XCBuildConfiguration section */

/* Begin XCConfigurationList section */
		A42066052C3702EF002F7FA3 /* Build configuration list for PBXProject "jmaths" */ = {
			isa = XCConfigurationList;
			buildConfigurations = (
				A420660C2C3702EF002F7FA3 /* Debug */,
				A420660D2C3702EF002F7FA3 /* Release */,
			);
			defaultConfigurationIsVisible = 0;
			defaultConfigurationName = Release;
		};
		A420660E2C3702EF002F7FA3 /* Build configuration list for PBXNativeTarget "jmaths" */ = {
			isa = XCConfigurationList;
			buildConfigurations = (
				A420660F2C3702EF002F7FA3 /* Debug */,
				A42066102C3702EF002F7FA3 /* Release */,
			);
			defaultConfigurationIsVisible = 0;
			defaultConfigurationName = Release;
		};
/* End XCConfigurationList section */
	};
	rootObject = A42066022C3702EF002F7FA3 /* Project object */;
}
